
Microsoft Visual Studio Solution File, Format Version 11.00
# Visual Studio 14
Project("{8BC9CEB8-8B4A-11D0-8D11-00A0C91BC942}") = "3d", "3d.vcxproj", "{1DB48A1B-C5D1-492F-88F8-C17F4952A479}"
EndProject
Project("{8BC9CEB8-8B4A-11D0-8D11-00A0C91BC942}") = "3d_multi", "3d_multi.vcxproj", "{3458560D-57CD-47FC-B4D7-EEA2C103C087}"
EndProject
Project("{8BC9CEB8-8B4A-11D0-8D11-00A0C91BC942}") = "event_parameter", "event_parameter.vcxproj", "{E497E0EA-5CC4-43A9-A9C2-B74916700F76}"
EndProject
Project("{8BC9CEB8-8B4A-11D0-8D11-00A0C91BC942}") = "load_banks", "load_banks.vcxproj", "{DDFBEB50-76DC-486D-A030-FE99CDB98AF1}"
EndProject
Project("{8BC9CEB8-8B4A-11D0-8D11-00A0C91BC942}") = "music_callbacks", "music_callbacks.vcxproj", "{12E87A27-07B6-4B16-A411-FC2DB02082A6}"
EndProject
Project("{8BC9CEB8-8B4A-11D0-8D11-00A0C91BC942}") = "objectpan", "objectpan.vcxproj", "{D19A00DC-7EB4-4609-902A-A4B0E2821926}"
EndProject
Project("{8BC9CEB8-8B4A-11D0-8D11-00A0C91BC942}") = "programmer_sound", "programmer_sound.vcxproj", "{D9D4AEEB-0022-4F38-941B-5D25E8121F5A}"
EndProject
Project("{8BC9CEB8-8B4A-11D0-8D11-00A0C91BC942}") = "recording_playback", "recording_playback.vcxproj", "{47D5BEC0-954B-4ABD-9B7B-03A35990FB4A}"
EndProject
Project("{8BC9CEB8-8B4A-11D0-8D11-00A0C91BC942}") = "simple_event", "simple_event.vcxproj", "{D0DFCC49-C844-48C8-8DA9-28650ECBD13D}"
EndProject
Global
	GlobalSection(SolutionConfigurationPlatforms) = preSolution
		Debug|Win32 = Debug|Win32
		Debug|x64 = Debug|x64
		Release|Win32 = Release|Win32
		Release|x64 = Release|x64
	EndGlobalSection
	GlobalSection(ProjectConfigurationPlatforms) = postSolution
		{1DB48A1B-C5D1-492F-88F8-C17F4952A479}.Debug|Win32.ActiveCfg = Debug|Win32
		{1DB48A1B-C5D1-492F-88F8-C17F4952A479}.Debug|Win32.Build.0 = Debug|Win32
		{1DB48A1B-C5D1-492F-88F8-C17F4952A479}.Debug|Win32.Deploy.0 = Debug|Win32
		{1DB48A1B-C5D1-492F-88F8-C17F4952A479}.Debug|x64.ActiveCfg = Debug|x64
		{1DB48A1B-C5D1-492F-88F8-C17F4952A479}.Debug|x64.Build.0 = Debug|x64
		{1DB48A1B-C5D1-492F-88F8-C17F4952A479}.Debug|x64.Deploy.0 = Debug|x64
		{1DB48A1B-C5D1-492F-88F8-C17F4952A479}.Release|Win32.ActiveCfg = Release|Win32
		{1DB48A1B-C5D1-492F-88F8-C17F4952A479}.Release|Win32.Build.0 = Release|Win32
		{1DB48A1B-C5D1-492F-88F8-C17F4952A479}.Release|Win32.Deploy.0 = Release|Win32
		{1DB48A1B-C5D1-492F-88F8-C17F4952A479}.Release|x64.ActiveCfg = Release|x64
		{1DB48A1B-C5D1-492F-88F8-C17F4952A479}.Release|x64.Build.0 = Release|x64
		{1DB48A1B-C5D1-492F-88F8-C17F4952A479}.Release|x64.Deploy.0 = Release|x64
		{3458560D-57CD-47FC-B4D7-EEA2C103C087}.Debug|Win32.ActiveCfg = Debug|Win32
		{3458560D-57CD-47FC-B4D7-EEA2C103C087}.Debug|Win32.Build.0 = Debug|Win32
		{3458560D-57CD-47FC-B4D7-EEA2C103C087}.Debug|Win32.Deploy.0 = Debug|Win32
		{3458560D-57CD-47FC-B4D7-EEA2C103C087}.Debug|x64.ActiveCfg = Debug|x64
		{3458560D-57CD-47FC-B4D7-EEA2C103C087}.Debug|x64.Build.0 = Debug|x64
		{3458560D-57CD-47FC-B4D7-EEA2C103C087}.Debug|x64.Deploy.0 = Debug|x64
		{3458560D-57CD-47FC-B4D7-EEA2C103C087}.Release|Win32.ActiveCfg = Release|Win32
		{3458560D-57CD-47FC-B4D7-EEA2C103C087}.Release|Win32.Build.0 = Release|Win32
		{3458560D-57CD-47FC-B4D7-EEA2C103C087}.Release|Win32.Deploy.0 = Release|Win32
		{3458560D-57CD-47FC-B4D7-EEA2C103C087}.Release|x64.ActiveCfg = Release|x64
		{3458560D-57CD-47FC-B4D7-EEA2C103C087}.Release|x64.Build.0 = Release|x64
		{3458560D-57CD-47FC-B4D7-EEA2C103C087}.Release|x64.Deploy.0 = Release|x64
		{E497E0EA-5CC4-43A9-A9C2-B74916700F76}.Debug|Win32.ActiveCfg = Debug|Win32
		{E497E0EA-5CC4-43A9-A9C2-B74916700F76}.Debug|Win32.Build.0 = Debug|Win32
		{E497E0EA-5CC4-43A9-A9C2-B74916700F76}.Debug|Win32.Deploy.0 = Debug|Win32
		{E497E0EA-5CC4-43A9-A9C2-B74916700F76}.Debug|x64.ActiveCfg = Debug|x64
		{E497E0EA-5CC4-43A9-A9C2-B74916700F76}.Debug|x64.Build.0 = Debug|x64
		{E497E0EA-5CC4-43A9-A9C2-B74916700F76}.Debug|x64.Deploy.0 = Debug|x64
		{E497E0EA-5CC4-43A9-A9C2-B74916700F76}.Release|Win32.ActiveCfg = Release|Win32
		{E497E0EA-5CC4-43A9-A9C2-B74916700F76}.Release|Win32.Build.0 = Release|Win32
		{E497E0EA-5CC4-43A9-A9C2-B74916700F76}.Release|Win32.Deploy.0 = Release|Win32
		{E497E0EA-5CC4-43A9-A9C2-B74916700F76}.Release|x64.ActiveCfg = Release|x64
		{E497E0EA-5CC4-43A9-A9C2-B74916700F76}.Release|x64.Build.0 = Release|x64
		{E497E0EA-5CC4-43A9-A9C2-B74916700F76}.Release|x64.Deploy.0 = Release|x64
		{DDFBEB50-76DC-486D-A030-FE99CDB98AF1}.Debug|Win32.ActiveCfg = Debug|Win32
		{DDFBEB50-76DC-486D-A030-FE99CDB98AF1}.Debug|Win32.Build.0 = Debug|Win32
		{DDFBEB50-76DC-486D-A030-FE99CDB98AF1}.Debug|Win32.Deploy.0 = Debug|Win32
		{DDFBEB50-76DC-486D-A030-FE99CDB98AF1}.Debug|x64.ActiveCfg = Debug|x64
		{DDFBEB50-76DC-486D-A030-FE99CDB98AF1}.Debug|x64.Build.0 = Debug|x64
		{DDFBEB50-76DC-486D-A030-FE99CDB98AF1}.Debug|x64.Deploy.0 = Debug|x64
		{DDFBEB50-76DC-486D-A030-FE99CDB98AF1}.Release|Win32.ActiveCfg = Release|Win32
		{DDFBEB50-76DC-486D-A030-FE99CDB98AF1}.Release|Win32.Build.0 = Release|Win32
		{DDFBEB50-76DC-486D-A030-FE99CDB98AF1}.Release|Win32.Deploy.0 = Release|Win32
		{DDFBEB50-76DC-486D-A030-FE99CDB98AF1}.Release|x64.ActiveCfg = Release|x64
		{DDFBEB50-76DC-486D-A030-FE99CDB98AF1}.Release|x64.Build.0 = Release|x64
		{DDFBEB50-76DC-486D-A030-FE99CDB98AF1}.Release|x64.Deploy.0 = Release|x64
		{12E87A27-07B6-4B16-A411-FC2DB02082A6}.Debug|Win32.ActiveCfg = Debug|Win32
		{12E87A27-07B6-4B16-A411-FC2DB02082A6}.Debug|Win32.Build.0 = Debug|Win32
		{12E87A27-07B6-4B16-A411-FC2DB02082A6}.Debug|Win32.Deploy.0 = Debug|Win32
		{12E87A27-07B6-4B16-A411-FC2DB02082A6}.Debug|x64.ActiveCfg = Debug|x64
		{12E87A27-07B6-4B16-A411-FC2DB02082A6}.Debug|x64.Build.0 = Debug|x64
		{12E87A27-07B6-4B16-A411-FC2DB02082A6}.Debug|x64.Deploy.0 = Debug|x64
		{12E87A27-07B6-4B16-A411-FC2DB02082A6}.Release|Win32.ActiveCfg = Release|Win32
		{12E87A27-07B6-4B16-A411-FC2DB02082A6}.Release|Win32.Build.0 = Release|Win32
		{12E87A27-07B6-4B16-A411-FC2DB02082A6}.Release|Win32.Deploy.0 = Release|Win32
		{12E87A27-07B6-4B16-A411-FC2DB02082A6}.Release|x64.ActiveCfg = Release|x64
		{12E87A27-07B6-4B16-A411-FC2DB02082A6}.Release|x64.Build.0 = Release|x64
		{12E87A27-07B6-4B16-A411-FC2DB02082A6}.Release|x64.Deploy.0 = Release|x64
		{D19A00DC-7EB4-4609-902A-A4B0E2821926}.Debug|Win32.ActiveCfg = Debug|Win32
		{D19A00DC-7EB4-4609-902A-A4B0E2821926}.Debug|Win32.Build.0 = Debug|Win32
		{D19A00DC-7EB4-4609-902A-A4B0E2821926}.Debug|Win32.Deploy.0 = Debug|Win32
		{D19A00DC-7EB4-4609-902A-A4B0E2821926}.Debug|x64.ActiveCfg = Debug|x64
		{D19A00DC-7EB4-4609-902A-A4B0E2821926}.Debug|x64.Build.0 = Debug|x64
		{D19A00DC-7EB4-4609-902A-A4B0E2821926}.Debug|x64.Deploy.0 = Debug|x64
		{D19A00DC-7EB4-4609-902A-A4B0E2821926}.Release|Win32.ActiveCfg = Release|Win32
		{D19A00DC-7EB4-4609-902A-A4B0E2821926}.Release|Win32.Build.0 = Release|Win32
		{D19A00DC-7EB4-4609-902A-A4B0E2821926}.Release|Win32.Deploy.0 = Release|Win32
		{D19A00DC-7EB4-4609-902A-A4B0E2821926}.Release|x64.ActiveCfg = Release|x64
		{D19A00DC-7EB4-4609-902A-A4B0E2821926}.Release|x64.Build.0 = Release|x64
		{D19A00DC-7EB4-4609-902A-A4B0E2821926}.Release|x64.Deploy.0 = Release|x64
		{D9D4AEEB-0022-4F38-941B-5D25E8121F5A}.Debug|Win32.ActiveCfg = Debug|Win32
		{D9D4AEEB-0022-4F38-941B-5D25E8121F5A}.Debug|Win32.Build.0 = Debug|Win32
		{D9D4AEEB-0022-4F38-941B-5D25E8121F5A}.Debug|Win32.Deploy.0 = Debug|Win32
		{D9D4AEEB-0022-4F38-941B-5D25E8121F5A}.Debug|x64.ActiveCfg = Debug|x64
		{D9D4AEEB-0022-4F38-941B-5D25E8121F5A}.Debug|x64.Build.0 = Debug|x64
		{D9D4AEEB-0022-4F38-941B-5D25E8121F5A}.Debug|x64.Deploy.0 = Debug|x64
		{D9D4AEEB-0022-4F38-941B-5D25E8121F5A}.Release|Win32.ActiveCfg = Release|Win32
		{D9D4AEEB-0022-4F38-941B-5D25E8121F5A}.Release|Win32.Build.0 = Release|Win32
		{D9D4AEEB-0022-4F38-941B-5D25E8121F5A}.Release|Win32.Deploy.0 = Release|Win32
		{D9D4AEEB-0022-4F38-941B-5D25E8121F5A}.Release|x64.ActiveCfg = Release|x64
		{D9D4AEEB-0022-4F38-941B-5D25E8121F5A}.Release|x64.Build.0 = Release|x64
		{D9D4AEEB-0022-4F38-941B-5D25E8121F5A}.Release|x64.Deploy.0 = Release|x64
		{47D5BEC0-954B-4ABD-9B7B-03A35990FB4A}.Debug|Win32.ActiveCfg = Debug|Win32
		{47D5BEC0-954B-4ABD-9B7B-03A35990FB4A}.Debug|Win32.Build.0 = Debug|Win32
		{47D5BEC0-954B-4ABD-9B7B-03A35990FB4A}.Debug|Win32.Deploy.0 = Debug|Win32
		{47D5BEC0-954B-4ABD-9B7B-03A35990FB4A}.Debug|x64.ActiveCfg = Debug|x64
		{47D5BEC0-954B-4ABD-9B7B-03A35990FB4A}.Debug|x64.Build.0 = Debug|x64
		{47D5BEC0-954B-4ABD-9B7B-03A35990FB4A}.Debug|x64.Deploy.0 = Debug|x64
		{47D5BEC0-954B-4ABD-9B7B-03A35990FB4A}.Release|Win32.ActiveCfg = Release|Win32
		{47D5BEC0-954B-4ABD-9B7B-03A35990FB4A}.Release|Win32.Build.0 = Release|Win32
		{47D5BEC0-954B-4ABD-9B7B-03A35990FB4A}.Release|Win32.Deploy.0 = Release|Win32
		{47D5BEC0-954B-4ABD-9B7B-03A35990FB4A}.Release|x64.ActiveCfg = Release|x64
		{47D5BEC0-954B-4ABD-9B7B-03A35990FB4A}.Release|x64.Build.0 = Release|x64
		{47D5BEC0-954B-4ABD-9B7B-03A35990FB4A}.Release|x64.Deploy.0 = Release|x64
		{D0DFCC49-C844-48C8-8DA9-28650ECBD13D}.Debug|Win32.ActiveCfg = Debug|Win32
		{D0DFCC49-C844-48C8-8DA9-28650ECBD13D}.Debug|Win32.Build.0 = Debug|Win32
		{D0DFCC49-C844-48C8-8DA9-28650ECBD13D}.Debug|Win32.Deploy.0 = Debug|Win32
		{D0DFCC49-C844-48C8-8DA9-28650ECBD13D}.Debug|x64.ActiveCfg = Debug|x64
		{D0DFCC49-C844-48C8-8DA9-28650ECBD13D}.Debug|x64.Build.0 = Debug|x64
		{D0DFCC49-C844-48C8-8DA9-28650ECBD13D}.Debug|x64.Deploy.0 = Debug|x64
		{D0DFCC49-C844-48C8-8DA9-28650ECBD13D}.Release|Win32.ActiveCfg = Release|Win32
		{D0DFCC49-C844-48C8-8DA9-28650ECBD13D}.Release|Win32.Build.0 = Release|Win32
		{D0DFCC49-C844-48C8-8DA9-28650ECBD13D}.Release|Win32.Deploy.0 = Release|Win32
		{D0DFCC49-C844-48C8-8DA9-28650ECBD13D}.Release|x64.ActiveCfg = Release|x64
		{D0DFCC49-C844-48C8-8DA9-28650ECBD13D}.Release|x64.Build.0 = Release|x64
		{D0DFCC49-C844-48C8-8DA9-28650ECBD13D}.Release|x64.Deploy.0 = Release|x64
	EndGlobalSection
	GlobalSection(SolutionProperties) = preSolution
		HideSolutionNode = FALSE
	EndGlobalSection
EndGlobal
