
Microsoft Visual Studio Solution File, Format Version 11.00
# Visual Studio 2010
Project("{8BC9CEB8-8B4A-11D0-8D11-00A0C91BC942}") = "3d", "3d.vcxproj", "{1A9439AD-6F04-4632-9E8A-467C1AFAB93D}"
EndProject
Project("{8BC9CEB8-8B4A-11D0-8D11-00A0C91BC942}") = "3d_multi", "3d_multi.vcxproj", "{E9088476-B58D-4913-97D8-D98553AEDC36}"
EndProject
Project("{8BC9CEB8-8B4A-11D0-8D11-00A0C91BC942}") = "event_parameter", "event_parameter.vcxproj", "{B8C09E04-CC7E-4240-A3E4-C0D9139D9086}"
EndProject
Project("{8BC9CEB8-8B4A-11D0-8D11-00A0C91BC942}") = "load_banks", "load_banks.vcxproj", "{0A060699-A6F3-492C-A97B-1C56F1209E58}"
EndProject
Project("{8BC9CEB8-8B4A-11D0-8D11-00A0C91BC942}") = "music_callbacks", "music_callbacks.vcxproj", "{56D3C284-045F-471D-A9D7-275BEB2B5B9E}"
EndProject
Project("{8BC9CEB8-8B4A-11D0-8D11-00A0C91BC942}") = "objectpan", "objectpan.vcxproj", "{18F20460-611D-4ACA-BCCD-8D3C55FEADFB}"
EndProject
Project("{8BC9CEB8-8B4A-11D0-8D11-00A0C91BC942}") = "programmer_sound", "programmer_sound.vcxproj", "{06262D6B-9254-4E6B-897B-385E500A80FF}"
EndProject
Project("{8BC9CEB8-8B4A-11D0-8D11-00A0C91BC942}") = "recording_playback", "recording_playback.vcxproj", "{2344E89B-A305-42C7-954B-55D71F21C6C7}"
EndProject
Project("{8BC9CEB8-8B4A-11D0-8D11-00A0C91BC942}") = "simple_event", "simple_event.vcxproj", "{8F154E78-AEE8-4C0C-ADFD-280FD7F9FA37}"
EndProject
Global
	GlobalSection(SolutionConfigurationPlatforms) = preSolution
		Debug|Win32 = Debug|Win32
		Debug|x64 = Debug|x64
		Release|Win32 = Release|Win32
		Release|x64 = Release|x64
	EndGlobalSection
	GlobalSection(ProjectConfigurationPlatforms) = postSolution
		{1A9439AD-6F04-4632-9E8A-467C1AFAB93D}.Debug|Win32.ActiveCfg = Debug|Win32
		{1A9439AD-6F04-4632-9E8A-467C1AFAB93D}.Debug|Win32.Build.0 = Debug|Win32
		{1A9439AD-6F04-4632-9E8A-467C1AFAB93D}.Debug|Win32.Deploy.0 = Debug|Win32
		{1A9439AD-6F04-4632-9E8A-467C1AFAB93D}.Debug|x64.ActiveCfg = Debug|x64
		{1A9439AD-6F04-4632-9E8A-467C1AFAB93D}.Debug|x64.Build.0 = Debug|x64
		{1A9439AD-6F04-4632-9E8A-467C1AFAB93D}.Debug|x64.Deploy.0 = Debug|x64
		{1A9439AD-6F04-4632-9E8A-467C1AFAB93D}.Release|Win32.ActiveCfg = Release|Win32
		{1A9439AD-6F04-4632-9E8A-467C1AFAB93D}.Release|Win32.Build.0 = Release|Win32
		{1A9439AD-6F04-4632-9E8A-467C1AFAB93D}.Release|Win32.Deploy.0 = Release|Win32
		{1A9439AD-6F04-4632-9E8A-467C1AFAB93D}.Release|x64.ActiveCfg = Release|x64
		{1A9439AD-6F04-4632-9E8A-467C1AFAB93D}.Release|x64.Build.0 = Release|x64
		{1A9439AD-6F04-4632-9E8A-467C1AFAB93D}.Release|x64.Deploy.0 = Release|x64
		{E9088476-B58D-4913-97D8-D98553AEDC36}.Debug|Win32.ActiveCfg = Debug|Win32
		{E9088476-B58D-4913-97D8-D98553AEDC36}.Debug|Win32.Build.0 = Debug|Win32
		{E9088476-B58D-4913-97D8-D98553AEDC36}.Debug|Win32.Deploy.0 = Debug|Win32
		{E9088476-B58D-4913-97D8-D98553AEDC36}.Debug|x64.ActiveCfg = Debug|x64
		{E9088476-B58D-4913-97D8-D98553AEDC36}.Debug|x64.Build.0 = Debug|x64
		{E9088476-B58D-4913-97D8-D98553AEDC36}.Debug|x64.Deploy.0 = Debug|x64
		{E9088476-B58D-4913-97D8-D98553AEDC36}.Release|Win32.ActiveCfg = Release|Win32
		{E9088476-B58D-4913-97D8-D98553AEDC36}.Release|Win32.Build.0 = Release|Win32
		{E9088476-B58D-4913-97D8-D98553AEDC36}.Release|Win32.Deploy.0 = Release|Win32
		{E9088476-B58D-4913-97D8-D98553AEDC36}.Release|x64.ActiveCfg = Release|x64
		{E9088476-B58D-4913-97D8-D98553AEDC36}.Release|x64.Build.0 = Release|x64
		{E9088476-B58D-4913-97D8-D98553AEDC36}.Release|x64.Deploy.0 = Release|x64
		{B8C09E04-CC7E-4240-A3E4-C0D9139D9086}.Debug|Win32.ActiveCfg = Debug|Win32
		{B8C09E04-CC7E-4240-A3E4-C0D9139D9086}.Debug|Win32.Build.0 = Debug|Win32
		{B8C09E04-CC7E-4240-A3E4-C0D9139D9086}.Debug|Win32.Deploy.0 = Debug|Win32
		{B8C09E04-CC7E-4240-A3E4-C0D9139D9086}.Debug|x64.ActiveCfg = Debug|x64
		{B8C09E04-CC7E-4240-A3E4-C0D9139D9086}.Debug|x64.Build.0 = Debug|x64
		{B8C09E04-CC7E-4240-A3E4-C0D9139D9086}.Debug|x64.Deploy.0 = Debug|x64
		{B8C09E04-CC7E-4240-A3E4-C0D9139D9086}.Release|Win32.ActiveCfg = Release|Win32
		{B8C09E04-CC7E-4240-A3E4-C0D9139D9086}.Release|Win32.Build.0 = Release|Win32
		{B8C09E04-CC7E-4240-A3E4-C0D9139D9086}.Release|Win32.Deploy.0 = Release|Win32
		{B8C09E04-CC7E-4240-A3E4-C0D9139D9086}.Release|x64.ActiveCfg = Release|x64
		{B8C09E04-CC7E-4240-A3E4-C0D9139D9086}.Release|x64.Build.0 = Release|x64
		{B8C09E04-CC7E-4240-A3E4-C0D9139D9086}.Release|x64.Deploy.0 = Release|x64
		{0A060699-A6F3-492C-A97B-1C56F1209E58}.Debug|Win32.ActiveCfg = Debug|Win32
		{0A060699-A6F3-492C-A97B-1C56F1209E58}.Debug|Win32.Build.0 = Debug|Win32
		{0A060699-A6F3-492C-A97B-1C56F1209E58}.Debug|Win32.Deploy.0 = Debug|Win32
		{0A060699-A6F3-492C-A97B-1C56F1209E58}.Debug|x64.ActiveCfg = Debug|x64
		{0A060699-A6F3-492C-A97B-1C56F1209E58}.Debug|x64.Build.0 = Debug|x64
		{0A060699-A6F3-492C-A97B-1C56F1209E58}.Debug|x64.Deploy.0 = Debug|x64
		{0A060699-A6F3-492C-A97B-1C56F1209E58}.Release|Win32.ActiveCfg = Release|Win32
		{0A060699-A6F3-492C-A97B-1C56F1209E58}.Release|Win32.Build.0 = Release|Win32
		{0A060699-A6F3-492C-A97B-1C56F1209E58}.Release|Win32.Deploy.0 = Release|Win32
		{0A060699-A6F3-492C-A97B-1C56F1209E58}.Release|x64.ActiveCfg = Release|x64
		{0A060699-A6F3-492C-A97B-1C56F1209E58}.Release|x64.Build.0 = Release|x64
		{0A060699-A6F3-492C-A97B-1C56F1209E58}.Release|x64.Deploy.0 = Release|x64
		{56D3C284-045F-471D-A9D7-275BEB2B5B9E}.Debug|Win32.ActiveCfg = Debug|Win32
		{56D3C284-045F-471D-A9D7-275BEB2B5B9E}.Debug|Win32.Build.0 = Debug|Win32
		{56D3C284-045F-471D-A9D7-275BEB2B5B9E}.Debug|Win32.Deploy.0 = Debug|Win32
		{56D3C284-045F-471D-A9D7-275BEB2B5B9E}.Debug|x64.ActiveCfg = Debug|x64
		{56D3C284-045F-471D-A9D7-275BEB2B5B9E}.Debug|x64.Build.0 = Debug|x64
		{56D3C284-045F-471D-A9D7-275BEB2B5B9E}.Debug|x64.Deploy.0 = Debug|x64
		{56D3C284-045F-471D-A9D7-275BEB2B5B9E}.Release|Win32.ActiveCfg = Release|Win32
		{56D3C284-045F-471D-A9D7-275BEB2B5B9E}.Release|Win32.Build.0 = Release|Win32
		{56D3C284-045F-471D-A9D7-275BEB2B5B9E}.Release|Win32.Deploy.0 = Release|Win32
		{56D3C284-045F-471D-A9D7-275BEB2B5B9E}.Release|x64.ActiveCfg = Release|x64
		{56D3C284-045F-471D-A9D7-275BEB2B5B9E}.Release|x64.Build.0 = Release|x64
		{56D3C284-045F-471D-A9D7-275BEB2B5B9E}.Release|x64.Deploy.0 = Release|x64
		{18F20460-611D-4ACA-BCCD-8D3C55FEADFB}.Debug|Win32.ActiveCfg = Debug|Win32
		{18F20460-611D-4ACA-BCCD-8D3C55FEADFB}.Debug|Win32.Build.0 = Debug|Win32
		{18F20460-611D-4ACA-BCCD-8D3C55FEADFB}.Debug|Win32.Deploy.0 = Debug|Win32
		{18F20460-611D-4ACA-BCCD-8D3C55FEADFB}.Debug|x64.ActiveCfg = Debug|x64
		{18F20460-611D-4ACA-BCCD-8D3C55FEADFB}.Debug|x64.Build.0 = Debug|x64
		{18F20460-611D-4ACA-BCCD-8D3C55FEADFB}.Debug|x64.Deploy.0 = Debug|x64
		{18F20460-611D-4ACA-BCCD-8D3C55FEADFB}.Release|Win32.ActiveCfg = Release|Win32
		{18F20460-611D-4ACA-BCCD-8D3C55FEADFB}.Release|Win32.Build.0 = Release|Win32
		{18F20460-611D-4ACA-BCCD-8D3C55FEADFB}.Release|Win32.Deploy.0 = Release|Win32
		{18F20460-611D-4ACA-BCCD-8D3C55FEADFB}.Release|x64.ActiveCfg = Release|x64
		{18F20460-611D-4ACA-BCCD-8D3C55FEADFB}.Release|x64.Build.0 = Release|x64
		{18F20460-611D-4ACA-BCCD-8D3C55FEADFB}.Release|x64.Deploy.0 = Release|x64
		{06262D6B-9254-4E6B-897B-385E500A80FF}.Debug|Win32.ActiveCfg = Debug|Win32
		{06262D6B-9254-4E6B-897B-385E500A80FF}.Debug|Win32.Build.0 = Debug|Win32
		{06262D6B-9254-4E6B-897B-385E500A80FF}.Debug|Win32.Deploy.0 = Debug|Win32
		{06262D6B-9254-4E6B-897B-385E500A80FF}.Debug|x64.ActiveCfg = Debug|x64
		{06262D6B-9254-4E6B-897B-385E500A80FF}.Debug|x64.Build.0 = Debug|x64
		{06262D6B-9254-4E6B-897B-385E500A80FF}.Debug|x64.Deploy.0 = Debug|x64
		{06262D6B-9254-4E6B-897B-385E500A80FF}.Release|Win32.ActiveCfg = Release|Win32
		{06262D6B-9254-4E6B-897B-385E500A80FF}.Release|Win32.Build.0 = Release|Win32
		{06262D6B-9254-4E6B-897B-385E500A80FF}.Release|Win32.Deploy.0 = Release|Win32
		{06262D6B-9254-4E6B-897B-385E500A80FF}.Release|x64.ActiveCfg = Release|x64
		{06262D6B-9254-4E6B-897B-385E500A80FF}.Release|x64.Build.0 = Release|x64
		{06262D6B-9254-4E6B-897B-385E500A80FF}.Release|x64.Deploy.0 = Release|x64
		{2344E89B-A305-42C7-954B-55D71F21C6C7}.Debug|Win32.ActiveCfg = Debug|Win32
		{2344E89B-A305-42C7-954B-55D71F21C6C7}.Debug|Win32.Build.0 = Debug|Win32
		{2344E89B-A305-42C7-954B-55D71F21C6C7}.Debug|Win32.Deploy.0 = Debug|Win32
		{2344E89B-A305-42C7-954B-55D71F21C6C7}.Debug|x64.ActiveCfg = Debug|x64
		{2344E89B-A305-42C7-954B-55D71F21C6C7}.Debug|x64.Build.0 = Debug|x64
		{2344E89B-A305-42C7-954B-55D71F21C6C7}.Debug|x64.Deploy.0 = Debug|x64
		{2344E89B-A305-42C7-954B-55D71F21C6C7}.Release|Win32.ActiveCfg = Release|Win32
		{2344E89B-A305-42C7-954B-55D71F21C6C7}.Release|Win32.Build.0 = Release|Win32
		{2344E89B-A305-42C7-954B-55D71F21C6C7}.Release|Win32.Deploy.0 = Release|Win32
		{2344E89B-A305-42C7-954B-55D71F21C6C7}.Release|x64.ActiveCfg = Release|x64
		{2344E89B-A305-42C7-954B-55D71F21C6C7}.Release|x64.Build.0 = Release|x64
		{2344E89B-A305-42C7-954B-55D71F21C6C7}.Release|x64.Deploy.0 = Release|x64
		{8F154E78-AEE8-4C0C-ADFD-280FD7F9FA37}.Debug|Win32.ActiveCfg = Debug|Win32
		{8F154E78-AEE8-4C0C-ADFD-280FD7F9FA37}.Debug|Win32.Build.0 = Debug|Win32
		{8F154E78-AEE8-4C0C-ADFD-280FD7F9FA37}.Debug|Win32.Deploy.0 = Debug|Win32
		{8F154E78-AEE8-4C0C-ADFD-280FD7F9FA37}.Debug|x64.ActiveCfg = Debug|x64
		{8F154E78-AEE8-4C0C-ADFD-280FD7F9FA37}.Debug|x64.Build.0 = Debug|x64
		{8F154E78-AEE8-4C0C-ADFD-280FD7F9FA37}.Debug|x64.Deploy.0 = Debug|x64
		{8F154E78-AEE8-4C0C-ADFD-280FD7F9FA37}.Release|Win32.ActiveCfg = Release|Win32
		{8F154E78-AEE8-4C0C-ADFD-280FD7F9FA37}.Release|Win32.Build.0 = Release|Win32
		{8F154E78-AEE8-4C0C-ADFD-280FD7F9FA37}.Release|Win32.Deploy.0 = Release|Win32
		{8F154E78-AEE8-4C0C-ADFD-280FD7F9FA37}.Release|x64.ActiveCfg = Release|x64
		{8F154E78-AEE8-4C0C-ADFD-280FD7F9FA37}.Release|x64.Build.0 = Release|x64
		{8F154E78-AEE8-4C0C-ADFD-280FD7F9FA37}.Release|x64.Deploy.0 = Release|x64
	EndGlobalSection
	GlobalSection(SolutionProperties) = preSolution
		HideSolutionNode = FALSE
	EndGlobalSection
EndGlobal
