
Microsoft Visual Studio Solution File, Format Version 11.00
# Visual Studio 15
Project("{8BC9CEB8-8B4A-11D0-8D11-00A0C91BC942}") = "3d", "3d.vcxproj", "{12B35FED-3A54-4DA5-BA90-0FA23DF7C75A}"
EndProject
Project("{8BC9CEB8-8B4A-11D0-8D11-00A0C91BC942}") = "3d_multi", "3d_multi.vcxproj", "{A3ACE69C-986E-47A9-8A1C-FCAD03E011F8}"
EndProject
Project("{8BC9CEB8-8B4A-11D0-8D11-00A0C91BC942}") = "event_parameter", "event_parameter.vcxproj", "{8B4EE48C-4944-4C39-8A04-0AD65AADE872}"
EndProject
Project("{8BC9CEB8-8B4A-11D0-8D11-00A0C91BC942}") = "load_banks", "load_banks.vcxproj", "{914396DC-6099-4361-AA0D-028496FD749E}"
EndProject
Project("{8BC9CEB8-8B4A-11D0-8D11-00A0C91BC942}") = "music_callbacks", "music_callbacks.vcxproj", "{83488E3E-ACDF-45C9-93B0-44F4CB433FAC}"
EndProject
Project("{8BC9CEB8-8B4A-11D0-8D11-00A0C91BC942}") = "objectpan", "objectpan.vcxproj", "{542EF0B1-0D78-4E51-A808-7188FE51D7CA}"
EndProject
Project("{8BC9CEB8-8B4A-11D0-8D11-00A0C91BC942}") = "programmer_sound", "programmer_sound.vcxproj", "{C11B2B59-6BBE-4CA6-AEC1-5A2F159A76DA}"
EndProject
Project("{8BC9CEB8-8B4A-11D0-8D11-00A0C91BC942}") = "recording_playback", "recording_playback.vcxproj", "{F9F27AB2-3B30-472D-94C6-7E4434305A4C}"
EndProject
Project("{8BC9CEB8-8B4A-11D0-8D11-00A0C91BC942}") = "simple_event", "simple_event.vcxproj", "{3ACF59B9-20A0-4834-BCC0-F70F869F2390}"
EndProject
Global
	GlobalSection(SolutionConfigurationPlatforms) = preSolution
		Debug|Win32 = Debug|Win32
		Debug|x64 = Debug|x64
		Release|Win32 = Release|Win32
		Release|x64 = Release|x64
	EndGlobalSection
	GlobalSection(ProjectConfigurationPlatforms) = postSolution
		{12B35FED-3A54-4DA5-BA90-0FA23DF7C75A}.Debug|Win32.ActiveCfg = Debug|Win32
		{12B35FED-3A54-4DA5-BA90-0FA23DF7C75A}.Debug|Win32.Build.0 = Debug|Win32
		{12B35FED-3A54-4DA5-BA90-0FA23DF7C75A}.Debug|Win32.Deploy.0 = Debug|Win32
		{12B35FED-3A54-4DA5-BA90-0FA23DF7C75A}.Debug|x64.ActiveCfg = Debug|x64
		{12B35FED-3A54-4DA5-BA90-0FA23DF7C75A}.Debug|x64.Build.0 = Debug|x64
		{12B35FED-3A54-4DA5-BA90-0FA23DF7C75A}.Debug|x64.Deploy.0 = Debug|x64
		{12B35FED-3A54-4DA5-BA90-0FA23DF7C75A}.Release|Win32.ActiveCfg = Release|Win32
		{12B35FED-3A54-4DA5-BA90-0FA23DF7C75A}.Release|Win32.Build.0 = Release|Win32
		{12B35FED-3A54-4DA5-BA90-0FA23DF7C75A}.Release|Win32.Deploy.0 = Release|Win32
		{12B35FED-3A54-4DA5-BA90-0FA23DF7C75A}.Release|x64.ActiveCfg = Release|x64
		{12B35FED-3A54-4DA5-BA90-0FA23DF7C75A}.Release|x64.Build.0 = Release|x64
		{12B35FED-3A54-4DA5-BA90-0FA23DF7C75A}.Release|x64.Deploy.0 = Release|x64
		{A3ACE69C-986E-47A9-8A1C-FCAD03E011F8}.Debug|Win32.ActiveCfg = Debug|Win32
		{A3ACE69C-986E-47A9-8A1C-FCAD03E011F8}.Debug|Win32.Build.0 = Debug|Win32
		{A3ACE69C-986E-47A9-8A1C-FCAD03E011F8}.Debug|Win32.Deploy.0 = Debug|Win32
		{A3ACE69C-986E-47A9-8A1C-FCAD03E011F8}.Debug|x64.ActiveCfg = Debug|x64
		{A3ACE69C-986E-47A9-8A1C-FCAD03E011F8}.Debug|x64.Build.0 = Debug|x64
		{A3ACE69C-986E-47A9-8A1C-FCAD03E011F8}.Debug|x64.Deploy.0 = Debug|x64
		{A3ACE69C-986E-47A9-8A1C-FCAD03E011F8}.Release|Win32.ActiveCfg = Release|Win32
		{A3ACE69C-986E-47A9-8A1C-FCAD03E011F8}.Release|Win32.Build.0 = Release|Win32
		{A3ACE69C-986E-47A9-8A1C-FCAD03E011F8}.Release|Win32.Deploy.0 = Release|Win32
		{A3ACE69C-986E-47A9-8A1C-FCAD03E011F8}.Release|x64.ActiveCfg = Release|x64
		{A3ACE69C-986E-47A9-8A1C-FCAD03E011F8}.Release|x64.Build.0 = Release|x64
		{A3ACE69C-986E-47A9-8A1C-FCAD03E011F8}.Release|x64.Deploy.0 = Release|x64
		{8B4EE48C-4944-4C39-8A04-0AD65AADE872}.Debug|Win32.ActiveCfg = Debug|Win32
		{8B4EE48C-4944-4C39-8A04-0AD65AADE872}.Debug|Win32.Build.0 = Debug|Win32
		{8B4EE48C-4944-4C39-8A04-0AD65AADE872}.Debug|Win32.Deploy.0 = Debug|Win32
		{8B4EE48C-4944-4C39-8A04-0AD65AADE872}.Debug|x64.ActiveCfg = Debug|x64
		{8B4EE48C-4944-4C39-8A04-0AD65AADE872}.Debug|x64.Build.0 = Debug|x64
		{8B4EE48C-4944-4C39-8A04-0AD65AADE872}.Debug|x64.Deploy.0 = Debug|x64
		{8B4EE48C-4944-4C39-8A04-0AD65AADE872}.Release|Win32.ActiveCfg = Release|Win32
		{8B4EE48C-4944-4C39-8A04-0AD65AADE872}.Release|Win32.Build.0 = Release|Win32
		{8B4EE48C-4944-4C39-8A04-0AD65AADE872}.Release|Win32.Deploy.0 = Release|Win32
		{8B4EE48C-4944-4C39-8A04-0AD65AADE872}.Release|x64.ActiveCfg = Release|x64
		{8B4EE48C-4944-4C39-8A04-0AD65AADE872}.Release|x64.Build.0 = Release|x64
		{8B4EE48C-4944-4C39-8A04-0AD65AADE872}.Release|x64.Deploy.0 = Release|x64
		{914396DC-6099-4361-AA0D-028496FD749E}.Debug|Win32.ActiveCfg = Debug|Win32
		{914396DC-6099-4361-AA0D-028496FD749E}.Debug|Win32.Build.0 = Debug|Win32
		{914396DC-6099-4361-AA0D-028496FD749E}.Debug|Win32.Deploy.0 = Debug|Win32
		{914396DC-6099-4361-AA0D-028496FD749E}.Debug|x64.ActiveCfg = Debug|x64
		{914396DC-6099-4361-AA0D-028496FD749E}.Debug|x64.Build.0 = Debug|x64
		{914396DC-6099-4361-AA0D-028496FD749E}.Debug|x64.Deploy.0 = Debug|x64
		{914396DC-6099-4361-AA0D-028496FD749E}.Release|Win32.ActiveCfg = Release|Win32
		{914396DC-6099-4361-AA0D-028496FD749E}.Release|Win32.Build.0 = Release|Win32
		{914396DC-6099-4361-AA0D-028496FD749E}.Release|Win32.Deploy.0 = Release|Win32
		{914396DC-6099-4361-AA0D-028496FD749E}.Release|x64.ActiveCfg = Release|x64
		{914396DC-6099-4361-AA0D-028496FD749E}.Release|x64.Build.0 = Release|x64
		{914396DC-6099-4361-AA0D-028496FD749E}.Release|x64.Deploy.0 = Release|x64
		{83488E3E-ACDF-45C9-93B0-44F4CB433FAC}.Debug|Win32.ActiveCfg = Debug|Win32
		{83488E3E-ACDF-45C9-93B0-44F4CB433FAC}.Debug|Win32.Build.0 = Debug|Win32
		{83488E3E-ACDF-45C9-93B0-44F4CB433FAC}.Debug|Win32.Deploy.0 = Debug|Win32
		{83488E3E-ACDF-45C9-93B0-44F4CB433FAC}.Debug|x64.ActiveCfg = Debug|x64
		{83488E3E-ACDF-45C9-93B0-44F4CB433FAC}.Debug|x64.Build.0 = Debug|x64
		{83488E3E-ACDF-45C9-93B0-44F4CB433FAC}.Debug|x64.Deploy.0 = Debug|x64
		{83488E3E-ACDF-45C9-93B0-44F4CB433FAC}.Release|Win32.ActiveCfg = Release|Win32
		{83488E3E-ACDF-45C9-93B0-44F4CB433FAC}.Release|Win32.Build.0 = Release|Win32
		{83488E3E-ACDF-45C9-93B0-44F4CB433FAC}.Release|Win32.Deploy.0 = Release|Win32
		{83488E3E-ACDF-45C9-93B0-44F4CB433FAC}.Release|x64.ActiveCfg = Release|x64
		{83488E3E-ACDF-45C9-93B0-44F4CB433FAC}.Release|x64.Build.0 = Release|x64
		{83488E3E-ACDF-45C9-93B0-44F4CB433FAC}.Release|x64.Deploy.0 = Release|x64
		{542EF0B1-0D78-4E51-A808-7188FE51D7CA}.Debug|Win32.ActiveCfg = Debug|Win32
		{542EF0B1-0D78-4E51-A808-7188FE51D7CA}.Debug|Win32.Build.0 = Debug|Win32
		{542EF0B1-0D78-4E51-A808-7188FE51D7CA}.Debug|Win32.Deploy.0 = Debug|Win32
		{542EF0B1-0D78-4E51-A808-7188FE51D7CA}.Debug|x64.ActiveCfg = Debug|x64
		{542EF0B1-0D78-4E51-A808-7188FE51D7CA}.Debug|x64.Build.0 = Debug|x64
		{542EF0B1-0D78-4E51-A808-7188FE51D7CA}.Debug|x64.Deploy.0 = Debug|x64
		{542EF0B1-0D78-4E51-A808-7188FE51D7CA}.Release|Win32.ActiveCfg = Release|Win32
		{542EF0B1-0D78-4E51-A808-7188FE51D7CA}.Release|Win32.Build.0 = Release|Win32
		{542EF0B1-0D78-4E51-A808-7188FE51D7CA}.Release|Win32.Deploy.0 = Release|Win32
		{542EF0B1-0D78-4E51-A808-7188FE51D7CA}.Release|x64.ActiveCfg = Release|x64
		{542EF0B1-0D78-4E51-A808-7188FE51D7CA}.Release|x64.Build.0 = Release|x64
		{542EF0B1-0D78-4E51-A808-7188FE51D7CA}.Release|x64.Deploy.0 = Release|x64
		{C11B2B59-6BBE-4CA6-AEC1-5A2F159A76DA}.Debug|Win32.ActiveCfg = Debug|Win32
		{C11B2B59-6BBE-4CA6-AEC1-5A2F159A76DA}.Debug|Win32.Build.0 = Debug|Win32
		{C11B2B59-6BBE-4CA6-AEC1-5A2F159A76DA}.Debug|Win32.Deploy.0 = Debug|Win32
		{C11B2B59-6BBE-4CA6-AEC1-5A2F159A76DA}.Debug|x64.ActiveCfg = Debug|x64
		{C11B2B59-6BBE-4CA6-AEC1-5A2F159A76DA}.Debug|x64.Build.0 = Debug|x64
		{C11B2B59-6BBE-4CA6-AEC1-5A2F159A76DA}.Debug|x64.Deploy.0 = Debug|x64
		{C11B2B59-6BBE-4CA6-AEC1-5A2F159A76DA}.Release|Win32.ActiveCfg = Release|Win32
		{C11B2B59-6BBE-4CA6-AEC1-5A2F159A76DA}.Release|Win32.Build.0 = Release|Win32
		{C11B2B59-6BBE-4CA6-AEC1-5A2F159A76DA}.Release|Win32.Deploy.0 = Release|Win32
		{C11B2B59-6BBE-4CA6-AEC1-5A2F159A76DA}.Release|x64.ActiveCfg = Release|x64
		{C11B2B59-6BBE-4CA6-AEC1-5A2F159A76DA}.Release|x64.Build.0 = Release|x64
		{C11B2B59-6BBE-4CA6-AEC1-5A2F159A76DA}.Release|x64.Deploy.0 = Release|x64
		{F9F27AB2-3B30-472D-94C6-7E4434305A4C}.Debug|Win32.ActiveCfg = Debug|Win32
		{F9F27AB2-3B30-472D-94C6-7E4434305A4C}.Debug|Win32.Build.0 = Debug|Win32
		{F9F27AB2-3B30-472D-94C6-7E4434305A4C}.Debug|Win32.Deploy.0 = Debug|Win32
		{F9F27AB2-3B30-472D-94C6-7E4434305A4C}.Debug|x64.ActiveCfg = Debug|x64
		{F9F27AB2-3B30-472D-94C6-7E4434305A4C}.Debug|x64.Build.0 = Debug|x64
		{F9F27AB2-3B30-472D-94C6-7E4434305A4C}.Debug|x64.Deploy.0 = Debug|x64
		{F9F27AB2-3B30-472D-94C6-7E4434305A4C}.Release|Win32.ActiveCfg = Release|Win32
		{F9F27AB2-3B30-472D-94C6-7E4434305A4C}.Release|Win32.Build.0 = Release|Win32
		{F9F27AB2-3B30-472D-94C6-7E4434305A4C}.Release|Win32.Deploy.0 = Release|Win32
		{F9F27AB2-3B30-472D-94C6-7E4434305A4C}.Release|x64.ActiveCfg = Release|x64
		{F9F27AB2-3B30-472D-94C6-7E4434305A4C}.Release|x64.Build.0 = Release|x64
		{F9F27AB2-3B30-472D-94C6-7E4434305A4C}.Release|x64.Deploy.0 = Release|x64
		{3ACF59B9-20A0-4834-BCC0-F70F869F2390}.Debug|Win32.ActiveCfg = Debug|Win32
		{3ACF59B9-20A0-4834-BCC0-F70F869F2390}.Debug|Win32.Build.0 = Debug|Win32
		{3ACF59B9-20A0-4834-BCC0-F70F869F2390}.Debug|Win32.Deploy.0 = Debug|Win32
		{3ACF59B9-20A0-4834-BCC0-F70F869F2390}.Debug|x64.ActiveCfg = Debug|x64
		{3ACF59B9-20A0-4834-BCC0-F70F869F2390}.Debug|x64.Build.0 = Debug|x64
		{3ACF59B9-20A0-4834-BCC0-F70F869F2390}.Debug|x64.Deploy.0 = Debug|x64
		{3ACF59B9-20A0-4834-BCC0-F70F869F2390}.Release|Win32.ActiveCfg = Release|Win32
		{3ACF59B9-20A0-4834-BCC0-F70F869F2390}.Release|Win32.Build.0 = Release|Win32
		{3ACF59B9-20A0-4834-BCC0-F70F869F2390}.Release|Win32.Deploy.0 = Release|Win32
		{3ACF59B9-20A0-4834-BCC0-F70F869F2390}.Release|x64.ActiveCfg = Release|x64
		{3ACF59B9-20A0-4834-BCC0-F70F869F2390}.Release|x64.Build.0 = Release|x64
		{3ACF59B9-20A0-4834-BCC0-F70F869F2390}.Release|x64.Deploy.0 = Release|x64
	EndGlobalSection
	GlobalSection(SolutionProperties) = preSolution
		HideSolutionNode = FALSE
	EndGlobalSection
EndGlobal
