
Microsoft Visual Studio Solution File, Format Version 11.00
# Visual Studio 2012
Project("{8BC9CEB8-8B4A-11D0-8D11-00A0C91BC942}") = "3d", "3d.vcxproj", "{ABF852CC-D0AB-475B-B160-5E94A304C64B}"
EndProject
Project("{8BC9CEB8-8B4A-11D0-8D11-00A0C91BC942}") = "3d_multi", "3d_multi.vcxproj", "{FA08AD89-06E0-4A7F-A0E2-AB8726BFE000}"
EndProject
Project("{8BC9CEB8-8B4A-11D0-8D11-00A0C91BC942}") = "event_parameter", "event_parameter.vcxproj", "{08DAB1FA-B2DF-494B-816C-1DF14A25DFDD}"
EndProject
Project("{8BC9CEB8-8B4A-11D0-8D11-00A0C91BC942}") = "load_banks", "load_banks.vcxproj", "{9D69D07C-70BD-4229-ACE8-3251467A378D}"
EndProject
Project("{8BC9CEB8-8B4A-11D0-8D11-00A0C91BC942}") = "music_callbacks", "music_callbacks.vcxproj", "{9F23D603-11D8-4D51-A3C1-55EA098AAB32}"
EndProject
Project("{8BC9CEB8-8B4A-11D0-8D11-00A0C91BC942}") = "objectpan", "objectpan.vcxproj", "{FCF83B42-4FC7-494E-BE46-D39E573DE34F}"
EndProject
Project("{8BC9CEB8-8B4A-11D0-8D11-00A0C91BC942}") = "programmer_sound", "programmer_sound.vcxproj", "{E198EEE4-2A2A-461F-9049-3238F412CF47}"
EndProject
Project("{8BC9CEB8-8B4A-11D0-8D11-00A0C91BC942}") = "recording_playback", "recording_playback.vcxproj", "{76F3287C-98AE-4660-B2C8-B10C06CDEE4A}"
EndProject
Project("{8BC9CEB8-8B4A-11D0-8D11-00A0C91BC942}") = "simple_event", "simple_event.vcxproj", "{4BF6D8A5-A497-4CB2-BFA5-92765A224D0C}"
EndProject
Global
	GlobalSection(SolutionConfigurationPlatforms) = preSolution
		Debug|Win32 = Debug|Win32
		Debug|x64 = Debug|x64
		Release|Win32 = Release|Win32
		Release|x64 = Release|x64
	EndGlobalSection
	GlobalSection(ProjectConfigurationPlatforms) = postSolution
		{ABF852CC-D0AB-475B-B160-5E94A304C64B}.Debug|Win32.ActiveCfg = Debug|Win32
		{ABF852CC-D0AB-475B-B160-5E94A304C64B}.Debug|Win32.Build.0 = Debug|Win32
		{ABF852CC-D0AB-475B-B160-5E94A304C64B}.Debug|Win32.Deploy.0 = Debug|Win32
		{ABF852CC-D0AB-475B-B160-5E94A304C64B}.Debug|x64.ActiveCfg = Debug|x64
		{ABF852CC-D0AB-475B-B160-5E94A304C64B}.Debug|x64.Build.0 = Debug|x64
		{ABF852CC-D0AB-475B-B160-5E94A304C64B}.Debug|x64.Deploy.0 = Debug|x64
		{ABF852CC-D0AB-475B-B160-5E94A304C64B}.Release|Win32.ActiveCfg = Release|Win32
		{ABF852CC-D0AB-475B-B160-5E94A304C64B}.Release|Win32.Build.0 = Release|Win32
		{ABF852CC-D0AB-475B-B160-5E94A304C64B}.Release|Win32.Deploy.0 = Release|Win32
		{ABF852CC-D0AB-475B-B160-5E94A304C64B}.Release|x64.ActiveCfg = Release|x64
		{ABF852CC-D0AB-475B-B160-5E94A304C64B}.Release|x64.Build.0 = Release|x64
		{ABF852CC-D0AB-475B-B160-5E94A304C64B}.Release|x64.Deploy.0 = Release|x64
		{FA08AD89-06E0-4A7F-A0E2-AB8726BFE000}.Debug|Win32.ActiveCfg = Debug|Win32
		{FA08AD89-06E0-4A7F-A0E2-AB8726BFE000}.Debug|Win32.Build.0 = Debug|Win32
		{FA08AD89-06E0-4A7F-A0E2-AB8726BFE000}.Debug|Win32.Deploy.0 = Debug|Win32
		{FA08AD89-06E0-4A7F-A0E2-AB8726BFE000}.Debug|x64.ActiveCfg = Debug|x64
		{FA08AD89-06E0-4A7F-A0E2-AB8726BFE000}.Debug|x64.Build.0 = Debug|x64
		{FA08AD89-06E0-4A7F-A0E2-AB8726BFE000}.Debug|x64.Deploy.0 = Debug|x64
		{FA08AD89-06E0-4A7F-A0E2-AB8726BFE000}.Release|Win32.ActiveCfg = Release|Win32
		{FA08AD89-06E0-4A7F-A0E2-AB8726BFE000}.Release|Win32.Build.0 = Release|Win32
		{FA08AD89-06E0-4A7F-A0E2-AB8726BFE000}.Release|Win32.Deploy.0 = Release|Win32
		{FA08AD89-06E0-4A7F-A0E2-AB8726BFE000}.Release|x64.ActiveCfg = Release|x64
		{FA08AD89-06E0-4A7F-A0E2-AB8726BFE000}.Release|x64.Build.0 = Release|x64
		{FA08AD89-06E0-4A7F-A0E2-AB8726BFE000}.Release|x64.Deploy.0 = Release|x64
		{08DAB1FA-B2DF-494B-816C-1DF14A25DFDD}.Debug|Win32.ActiveCfg = Debug|Win32
		{08DAB1FA-B2DF-494B-816C-1DF14A25DFDD}.Debug|Win32.Build.0 = Debug|Win32
		{08DAB1FA-B2DF-494B-816C-1DF14A25DFDD}.Debug|Win32.Deploy.0 = Debug|Win32
		{08DAB1FA-B2DF-494B-816C-1DF14A25DFDD}.Debug|x64.ActiveCfg = Debug|x64
		{08DAB1FA-B2DF-494B-816C-1DF14A25DFDD}.Debug|x64.Build.0 = Debug|x64
		{08DAB1FA-B2DF-494B-816C-1DF14A25DFDD}.Debug|x64.Deploy.0 = Debug|x64
		{08DAB1FA-B2DF-494B-816C-1DF14A25DFDD}.Release|Win32.ActiveCfg = Release|Win32
		{08DAB1FA-B2DF-494B-816C-1DF14A25DFDD}.Release|Win32.Build.0 = Release|Win32
		{08DAB1FA-B2DF-494B-816C-1DF14A25DFDD}.Release|Win32.Deploy.0 = Release|Win32
		{08DAB1FA-B2DF-494B-816C-1DF14A25DFDD}.Release|x64.ActiveCfg = Release|x64
		{08DAB1FA-B2DF-494B-816C-1DF14A25DFDD}.Release|x64.Build.0 = Release|x64
		{08DAB1FA-B2DF-494B-816C-1DF14A25DFDD}.Release|x64.Deploy.0 = Release|x64
		{9D69D07C-70BD-4229-ACE8-3251467A378D}.Debug|Win32.ActiveCfg = Debug|Win32
		{9D69D07C-70BD-4229-ACE8-3251467A378D}.Debug|Win32.Build.0 = Debug|Win32
		{9D69D07C-70BD-4229-ACE8-3251467A378D}.Debug|Win32.Deploy.0 = Debug|Win32
		{9D69D07C-70BD-4229-ACE8-3251467A378D}.Debug|x64.ActiveCfg = Debug|x64
		{9D69D07C-70BD-4229-ACE8-3251467A378D}.Debug|x64.Build.0 = Debug|x64
		{9D69D07C-70BD-4229-ACE8-3251467A378D}.Debug|x64.Deploy.0 = Debug|x64
		{9D69D07C-70BD-4229-ACE8-3251467A378D}.Release|Win32.ActiveCfg = Release|Win32
		{9D69D07C-70BD-4229-ACE8-3251467A378D}.Release|Win32.Build.0 = Release|Win32
		{9D69D07C-70BD-4229-ACE8-3251467A378D}.Release|Win32.Deploy.0 = Release|Win32
		{9D69D07C-70BD-4229-ACE8-3251467A378D}.Release|x64.ActiveCfg = Release|x64
		{9D69D07C-70BD-4229-ACE8-3251467A378D}.Release|x64.Build.0 = Release|x64
		{9D69D07C-70BD-4229-ACE8-3251467A378D}.Release|x64.Deploy.0 = Release|x64
		{9F23D603-11D8-4D51-A3C1-55EA098AAB32}.Debug|Win32.ActiveCfg = Debug|Win32
		{9F23D603-11D8-4D51-A3C1-55EA098AAB32}.Debug|Win32.Build.0 = Debug|Win32
		{9F23D603-11D8-4D51-A3C1-55EA098AAB32}.Debug|Win32.Deploy.0 = Debug|Win32
		{9F23D603-11D8-4D51-A3C1-55EA098AAB32}.Debug|x64.ActiveCfg = Debug|x64
		{9F23D603-11D8-4D51-A3C1-55EA098AAB32}.Debug|x64.Build.0 = Debug|x64
		{9F23D603-11D8-4D51-A3C1-55EA098AAB32}.Debug|x64.Deploy.0 = Debug|x64
		{9F23D603-11D8-4D51-A3C1-55EA098AAB32}.Release|Win32.ActiveCfg = Release|Win32
		{9F23D603-11D8-4D51-A3C1-55EA098AAB32}.Release|Win32.Build.0 = Release|Win32
		{9F23D603-11D8-4D51-A3C1-55EA098AAB32}.Release|Win32.Deploy.0 = Release|Win32
		{9F23D603-11D8-4D51-A3C1-55EA098AAB32}.Release|x64.ActiveCfg = Release|x64
		{9F23D603-11D8-4D51-A3C1-55EA098AAB32}.Release|x64.Build.0 = Release|x64
		{9F23D603-11D8-4D51-A3C1-55EA098AAB32}.Release|x64.Deploy.0 = Release|x64
		{FCF83B42-4FC7-494E-BE46-D39E573DE34F}.Debug|Win32.ActiveCfg = Debug|Win32
		{FCF83B42-4FC7-494E-BE46-D39E573DE34F}.Debug|Win32.Build.0 = Debug|Win32
		{FCF83B42-4FC7-494E-BE46-D39E573DE34F}.Debug|Win32.Deploy.0 = Debug|Win32
		{FCF83B42-4FC7-494E-BE46-D39E573DE34F}.Debug|x64.ActiveCfg = Debug|x64
		{FCF83B42-4FC7-494E-BE46-D39E573DE34F}.Debug|x64.Build.0 = Debug|x64
		{FCF83B42-4FC7-494E-BE46-D39E573DE34F}.Debug|x64.Deploy.0 = Debug|x64
		{FCF83B42-4FC7-494E-BE46-D39E573DE34F}.Release|Win32.ActiveCfg = Release|Win32
		{FCF83B42-4FC7-494E-BE46-D39E573DE34F}.Release|Win32.Build.0 = Release|Win32
		{FCF83B42-4FC7-494E-BE46-D39E573DE34F}.Release|Win32.Deploy.0 = Release|Win32
		{FCF83B42-4FC7-494E-BE46-D39E573DE34F}.Release|x64.ActiveCfg = Release|x64
		{FCF83B42-4FC7-494E-BE46-D39E573DE34F}.Release|x64.Build.0 = Release|x64
		{FCF83B42-4FC7-494E-BE46-D39E573DE34F}.Release|x64.Deploy.0 = Release|x64
		{E198EEE4-2A2A-461F-9049-3238F412CF47}.Debug|Win32.ActiveCfg = Debug|Win32
		{E198EEE4-2A2A-461F-9049-3238F412CF47}.Debug|Win32.Build.0 = Debug|Win32
		{E198EEE4-2A2A-461F-9049-3238F412CF47}.Debug|Win32.Deploy.0 = Debug|Win32
		{E198EEE4-2A2A-461F-9049-3238F412CF47}.Debug|x64.ActiveCfg = Debug|x64
		{E198EEE4-2A2A-461F-9049-3238F412CF47}.Debug|x64.Build.0 = Debug|x64
		{E198EEE4-2A2A-461F-9049-3238F412CF47}.Debug|x64.Deploy.0 = Debug|x64
		{E198EEE4-2A2A-461F-9049-3238F412CF47}.Release|Win32.ActiveCfg = Release|Win32
		{E198EEE4-2A2A-461F-9049-3238F412CF47}.Release|Win32.Build.0 = Release|Win32
		{E198EEE4-2A2A-461F-9049-3238F412CF47}.Release|Win32.Deploy.0 = Release|Win32
		{E198EEE4-2A2A-461F-9049-3238F412CF47}.Release|x64.ActiveCfg = Release|x64
		{E198EEE4-2A2A-461F-9049-3238F412CF47}.Release|x64.Build.0 = Release|x64
		{E198EEE4-2A2A-461F-9049-3238F412CF47}.Release|x64.Deploy.0 = Release|x64
		{76F3287C-98AE-4660-B2C8-B10C06CDEE4A}.Debug|Win32.ActiveCfg = Debug|Win32
		{76F3287C-98AE-4660-B2C8-B10C06CDEE4A}.Debug|Win32.Build.0 = Debug|Win32
		{76F3287C-98AE-4660-B2C8-B10C06CDEE4A}.Debug|Win32.Deploy.0 = Debug|Win32
		{76F3287C-98AE-4660-B2C8-B10C06CDEE4A}.Debug|x64.ActiveCfg = Debug|x64
		{76F3287C-98AE-4660-B2C8-B10C06CDEE4A}.Debug|x64.Build.0 = Debug|x64
		{76F3287C-98AE-4660-B2C8-B10C06CDEE4A}.Debug|x64.Deploy.0 = Debug|x64
		{76F3287C-98AE-4660-B2C8-B10C06CDEE4A}.Release|Win32.ActiveCfg = Release|Win32
		{76F3287C-98AE-4660-B2C8-B10C06CDEE4A}.Release|Win32.Build.0 = Release|Win32
		{76F3287C-98AE-4660-B2C8-B10C06CDEE4A}.Release|Win32.Deploy.0 = Release|Win32
		{76F3287C-98AE-4660-B2C8-B10C06CDEE4A}.Release|x64.ActiveCfg = Release|x64
		{76F3287C-98AE-4660-B2C8-B10C06CDEE4A}.Release|x64.Build.0 = Release|x64
		{76F3287C-98AE-4660-B2C8-B10C06CDEE4A}.Release|x64.Deploy.0 = Release|x64
		{4BF6D8A5-A497-4CB2-BFA5-92765A224D0C}.Debug|Win32.ActiveCfg = Debug|Win32
		{4BF6D8A5-A497-4CB2-BFA5-92765A224D0C}.Debug|Win32.Build.0 = Debug|Win32
		{4BF6D8A5-A497-4CB2-BFA5-92765A224D0C}.Debug|Win32.Deploy.0 = Debug|Win32
		{4BF6D8A5-A497-4CB2-BFA5-92765A224D0C}.Debug|x64.ActiveCfg = Debug|x64
		{4BF6D8A5-A497-4CB2-BFA5-92765A224D0C}.Debug|x64.Build.0 = Debug|x64
		{4BF6D8A5-A497-4CB2-BFA5-92765A224D0C}.Debug|x64.Deploy.0 = Debug|x64
		{4BF6D8A5-A497-4CB2-BFA5-92765A224D0C}.Release|Win32.ActiveCfg = Release|Win32
		{4BF6D8A5-A497-4CB2-BFA5-92765A224D0C}.Release|Win32.Build.0 = Release|Win32
		{4BF6D8A5-A497-4CB2-BFA5-92765A224D0C}.Release|Win32.Deploy.0 = Release|Win32
		{4BF6D8A5-A497-4CB2-BFA5-92765A224D0C}.Release|x64.ActiveCfg = Release|x64
		{4BF6D8A5-A497-4CB2-BFA5-92765A224D0C}.Release|x64.Build.0 = Release|x64
		{4BF6D8A5-A497-4CB2-BFA5-92765A224D0C}.Release|x64.Deploy.0 = Release|x64
	EndGlobalSection
	GlobalSection(SolutionProperties) = preSolution
		HideSolutionNode = FALSE
	EndGlobalSection
EndGlobal
